
Microsoft Visual Studio Solution File, Format Version 12.00
# Visual Studio 14
VisualStudioVersion = 14.0.25420.1
MinimumVisualStudioVersion = 10.0.40219.1
Project("{FAE04EC0-301F-11D3-BF4B-00C04F79EFBC}") = "PIE_DB", "PIE_DB\PIE_DB.csproj", "{FAE40C9A-F814-4D35-9013-17BA7A65D69C}"
EndProject
Project("{FAE04EC0-301F-11D3-BF4B-00C04F79EFBC}") = "PIE_BE", "PIE_BE\PIE_BE.csproj", "{B8050439-C9EF-42E6-8A21-42A8FC9A400C}"
EndProject
Project("{FAE04EC0-301F-11D3-BF4B-00C04F79EFBC}") = "PIE_UI", "PIE_UI\PIE_UI.csproj", "{C0208831-2344-4BD2-BA86-AB47797C4864}"
EndProject
Global
	GlobalSection(SolutionConfigurationPlatforms) = preSolution
		Debug|Any CPU = Debug|Any CPU
		Release|Any CPU = Release|Any CPU
	EndGlobalSection
	GlobalSection(ProjectConfigurationPlatforms) = postSolution
		{FAE40C9A-F814-4D35-9013-17BA7A65D69C}.Debug|Any CPU.ActiveCfg = Debug|Any CPU
		{FAE40C9A-F814-4D35-9013-17BA7A65D69C}.Debug|Any CPU.Build.0 = Debug|Any CPU
		{FAE40C9A-F814-4D35-9013-17BA7A65D69C}.Release|Any CPU.ActiveCfg = Release|Any CPU
		{FAE40C9A-F814-4D35-9013-17BA7A65D69C}.Release|Any CPU.Build.0 = Release|Any CPU
		{B8050439-C9EF-42E6-8A21-42A8FC9A400C}.Debug|Any CPU.ActiveCfg = Debug|Any CPU
		{B8050439-C9EF-42E6-8A21-42A8FC9A400C}.Debug|Any CPU.Build.0 = Debug|Any CPU
		{B8050439-C9EF-42E6-8A21-42A8FC9A400C}.Release|Any CPU.ActiveCfg = Release|Any CPU
		{B8050439-C9EF-42E6-8A21-42A8FC9A400C}.Release|Any CPU.Build.0 = Release|Any CPU
		{B8050439-C9EF-42E6-8A21-42A8FC9A400C}.Release|Any CPU.Deploy.0 = Release|Any CPU
		{C0208831-2344-4BD2-BA86-AB47797C4864}.Debug|Any CPU.ActiveCfg = Debug|Any CPU
		{C0208831-2344-4BD2-BA86-AB47797C4864}.Debug|Any CPU.Build.0 = Debug|Any CPU
		{C0208831-2344-4BD2-BA86-AB47797C4864}.Release|Any CPU.ActiveCfg = Release|Any CPU
		{C0208831-2344-4BD2-BA86-AB47797C4864}.Release|Any CPU.Build.0 = Release|Any CPU
	EndGlobalSection
	GlobalSection(SolutionProperties) = preSolution
		HideSolutionNode = FALSE
	EndGlobalSection
EndGlobal
